
Microsoft Visual Studio Solution File, Format Version 12.00
# Visual Studio Version 16
VisualStudioVersion = 16.0.29519.87
MinimumVisualStudioVersion = 10.0.40219.1
Project("{9A19103F-16F7-4668-BE54-9A1E7A4F7556}") = "PADscript", "PADscript.csproj", "{547CBA34-3030-42D9-B4D8-F850F17A8CE2}"
EndProject
Global
	GlobalSection(SolutionConfigurationPlatforms) = preSolution
		Debug|Any CPU = Debug|Any CPU
		Release|Any CPU = Release|Any CPU
	EndGlobalSection
	GlobalSection(ProjectConfigurationPlatforms) = postSolution
		{547CBA34-3030-42D9-B4D8-F850F17A8CE2}.Debug|Any CPU.ActiveCfg = Debug|Any CPU
		{547CBA34-3030-42D9-B4D8-F850F17A8CE2}.Debug|Any CPU.Build.0 = Debug|Any CPU
		{547CBA34-3030-42D9-B4D8-F850F17A8CE2}.Release|Any CPU.ActiveCfg = Release|Any CPU
		{547CBA34-3030-42D9-B4D8-F850F17A8CE2}.Release|Any CPU.Build.0 = Release|Any CPU
	EndGlobalSection
	GlobalSection(SolutionProperties) = preSolution
		HideSolutionNode = FALSE
	EndGlobalSection
	GlobalSection(ExtensibilityGlobals) = postSolution
		SolutionGuid = {243FB54E-3304-4813-B5B7-1C0F1F0EA897}
	EndGlobalSection
EndGlobal
